<?xml version="1.0" encoding="utf-8"?>
<Project ToolsVersion="18.0" xmlns="http://schemas.microsoft.com/developer/msbuild/2003">
  <ItemGroup>
    <ClCompile Include="C:\Users\A\Documents\Codex\2026-09-11\v\outputs\AxiomChess\tests\legal_fast.cpp">
      <Filter>Source Files</Filter>
    </ClCompile>
  </ItemGroup>
  <ItemGroup>
    <CustomBuild Include="C:\Users\A\Documents\Codex\2026-09-11\v\outputs\AxiomChess\CMakeLists.txt" />
  </ItemGroup>
  <ItemGroup>
    <Filter Include="Source Files">
      <UniqueIdentifier>{232DAD30-9412-306E-A963-8ABA5C08DBA8}</UniqueIdentifier>
    </Filter>
  </ItemGroup>
</Project>
