<?xml version="1.0" encoding="utf-8"?>
<Project ToolsVersion="18.0" xmlns="http://schemas.microsoft.com/developer/msbuild/2003">
  <ItemGroup>
    <CustomBuild Include="C:\Users\A\Documents\Codex\2026-09-11\v\outputs\AxiomChess\build-asan\CMakeFiles\41842e1b75366718b250fb53d409f737\RUN_TESTS_force.rule">
      <Filter>CMake Rules</Filter>
    </CustomBuild>
  </ItemGroup>
  <ItemGroup>
    <Filter Include="CMake Rules">
      <UniqueIdentifier>{23297B7D-9EEA-3A88-865F-A8D1B7A73CCB}</UniqueIdentifier>
    </Filter>
  </ItemGroup>
</Project>
