<?xml version="1.0" encoding="utf-8"?>
<Project ToolsVersion="18.0" xmlns="http://schemas.microsoft.com/developer/msbuild/2003">
  <ItemGroup>
    <ClCompile Include="C:\Users\A\Documents\Codex\2026-09-11\v\outputs\AxiomChess\tests\tests.cpp">
      <Filter>Source Files</Filter>
    </ClCompile>
  </ItemGroup>
  <ItemGroup>
    <CustomBuild Include="C:\Users\A\Documents\Codex\2026-09-11\v\outputs\AxiomChess\CMakeLists.txt" />
  </ItemGroup>
  <ItemGroup>
    <Filter Include="Source Files">
      <UniqueIdentifier>{D6545EFA-A9D3-3702-B6A5-17C29229F6D4}</UniqueIdentifier>
    </Filter>
  </ItemGroup>
</Project>
