<?xml version="1.0" encoding="utf-8"?>
<Project ToolsVersion="18.0" xmlns="http://schemas.microsoft.com/developer/msbuild/2003">
  <ItemGroup>
    <CustomBuild Include="C:\Users\A\Documents\Codex\2026-09-11\v\outputs\AxiomChess\build-causal\CMakeFiles\2c9ee148b4bf29d403064271705c564c\RUN_TESTS_force.rule">
      <Filter>CMake Rules</Filter>
    </CustomBuild>
  </ItemGroup>
  <ItemGroup>
    <Filter Include="CMake Rules">
      <UniqueIdentifier>{346DD1B3-EF12-3B11-B5F5-A70E52DBDCB3}</UniqueIdentifier>
    </Filter>
  </ItemGroup>
</Project>
